
Microsoft Visual Studio Solution File, Format Version 12.00
# Visual Studio 14
VisualStudioVersion = 14.0.25123.0
MinimumVisualStudioVersion = 10.0.40219.1
Project("{FAE04EC0-301F-11D3-BF4B-00C04F79EFBC}") = "CompilerTests", "CompilerTests\CompilerTests.csproj", "{5A52F7DE-94E9-4418-AEDE-18ED4087118D}"
EndProject
Project("{FAE04EC0-301F-11D3-BF4B-00C04F79EFBC}") = "Compiler", "Compiler\Compiler.csproj", "{76746EFA-AD6A-4F55-892E-1E7A235E7888}"
EndProject
Project("{FAE04EC0-301F-11D3-BF4B-00C04F79EFBC}") = "Algorithm", "..\Algorithm\Algorithm\Algorithm.csproj", "{C848647C-7C30-444B-AED1-BF6DB5946AE1}"
EndProject
Project("{FAE04EC0-301F-11D3-BF4B-00C04F79EFBC}") = "RegularExpression", "Compiler\RegularExpression\RegularExpression.csproj", "{F488A665-543F-4992-B7BD-FB9E68E2230A}"
EndProject
Project("{FAE04EC0-301F-11D3-BF4B-00C04F79EFBC}") = "RegularExpressionTests", "Compiler\RegularExpressionTests\RegularExpressionTests.csproj", "{E5DEB9ED-C1A6-4A42-AB83-B2129AD5C8B4}"
EndProject
Project("{FAE04EC0-301F-11D3-BF4B-00C04F79EFBC}") = "CodeProject.Syntax.LALR", "CodeProject.Syntax\CodeProject.Syntax.LALR\CodeProject.Syntax.LALR.csproj", "{AFE70FCA-47E6-4DC0-9138-3826E565AE6A}"
EndProject
Project("{FAE04EC0-301F-11D3-BF4B-00C04F79EFBC}") = "TestProject", "CodeProject.Syntax\TestProject\TestProject.csproj", "{4D9C7794-F2DF-4C55-97A3-BB37425E999D}"
EndProject
Project("{FAE04EC0-301F-11D3-BF4B-00C04F79EFBC}") = "C_Declarations", "C_Declarations\C_Declarations.csproj", "{CEFE8944-692A-4BB7-B25C-16E708ABAFA6}"
EndProject
Project("{2150E333-8FDC-42A3-9474-1A3956D46DE8}") = "PEGGrammar", "PEGGrammar", "{B8120F05-CC9A-415E-B59C-5968768A731D}"
EndProject
Project("{FAE04EC0-301F-11D3-BF4B-00C04F79EFBC}") = "Sample PEG Console Parser", "PEGGrammar\Sample PEG Console Parser\PEG Console Parser\Sample PEG Console Parser.csproj", "{00DB7DAB-192C-4189-9723-898DBE61A276}"
EndProject
Project("{FAE04EC0-301F-11D3-BF4B-00C04F79EFBC}") = "PEG Samples", "PEGGrammar\PegSamples\PEG Samples.csproj", "{FDED1663-CDEA-44B1-8589-8338D6B68656}"
EndProject
Project("{FAE04EC0-301F-11D3-BF4B-00C04F79EFBC}") = "PEG Base", "PEGGrammar\PegBase\PEG Base.csproj", "{9913580D-1543-40D5-B463-14C95BF3120C}"
EndProject
Project("{FAE04EC0-301F-11D3-BF4B-00C04F79EFBC}") = "PEG Explorer", "PEGGrammar\PEG Explorer\PEG Explorer.csproj", "{C1DDE212-68D9-4CD2-9B44-FDE1D44AFD26}"
EndProject
Project("{2150E333-8FDC-42A3-9474-1A3956D46DE8}") = "CodeProject.Syntax", "CodeProject.Syntax", "{ECCD187A-597B-415B-8977-20F350335B48}"
EndProject
Project("{FAE04EC0-301F-11D3-BF4B-00C04F79EFBC}") = "PEG SamplesTests", "PEGGrammar\PEG SamplesTests\PEG SamplesTests.csproj", "{8F2D30F1-606A-46DD-A106-105D2893EBC3}"
EndProject
Project("{2150E333-8FDC-42A3-9474-1A3956D46DE8}") = "Documents", "Documents", "{0FD52E54-C0F9-464C-8B52-584E3B0AF303}"
	ProjectSection(SolutionItems) = preProject
		PEGGrammar\Documents\PEG .md = PEGGrammar\Documents\PEG .md
		PEGGrammar\Documents\PEG_GrammarExplorer_fromCP.htm = PEGGrammar\Documents\PEG_GrammarExplorer_fromCP.htm
		PEGGrammar\Documents\PEG_GrammerExplorer.jpg = PEGGrammar\Documents\PEG_GrammerExplorer.jpg
	EndProjectSection
EndProject
Project("{FAE04EC0-301F-11D3-BF4B-00C04F79EFBC}") = "Peg Generator", "PEGGrammar\PegGenerator\Peg Generator.csproj", "{C21214B0-420D-44DF-8664-9522D8CB0F34}"
EndProject
Project("{FAE04EC0-301F-11D3-BF4B-00C04F79EFBC}") = "Peg Markdown", "PEGGrammar\PegMarkdown\Peg Markdown.csproj", "{B0996A45-01BA-4746-ABDE-6C221B590112}"
EndProject
Project("{FAE04EC0-301F-11D3-BF4B-00C04F79EFBC}") = "Peg MarkdownTests", "PEGGrammar\Peg MarkdownTests\Peg MarkdownTests.csproj", "{F2A86E43-747A-47E0-B123-BC9AAC77089D}"
EndProject
Project("{FAE04EC0-301F-11D3-BF4B-00C04F79EFBC}") = "SharedDocument", "..\AdvancedDocument\SharedDocument.csproj", "{D0F4C21E-7FF0-4DD0-9E9E-75917A7B4CDC}"
EndProject
Project("{FAE04EC0-301F-11D3-BF4B-00C04F79EFBC}") = "Peg Html", "PEGGrammar\PegHtml\Peg Html.csproj", "{600E3D5B-9EC7-4099-AE0A-3B08FA5F60B5}"
EndProject
Project("{FAE04EC0-301F-11D3-BF4B-00C04F79EFBC}") = "Peg HtmlTests", "PEGGrammar\Peg HtmlTests\Peg HtmlTests.csproj", "{12E6BF9A-5B4B-4034-8CAF-98EA55F52EAA}"
EndProject
Global
	GlobalSection(SolutionConfigurationPlatforms) = preSolution
		Debug|Any CPU = Debug|Any CPU
		Debug|x86 = Debug|x86
		Release|Any CPU = Release|Any CPU
		Release|x86 = Release|x86
	EndGlobalSection
	GlobalSection(ProjectConfigurationPlatforms) = postSolution
		{5A52F7DE-94E9-4418-AEDE-18ED4087118D}.Debug|Any CPU.ActiveCfg = Debug|Any CPU
		{5A52F7DE-94E9-4418-AEDE-18ED4087118D}.Debug|Any CPU.Build.0 = Debug|Any CPU
		{5A52F7DE-94E9-4418-AEDE-18ED4087118D}.Debug|x86.ActiveCfg = Debug|Any CPU
		{5A52F7DE-94E9-4418-AEDE-18ED4087118D}.Debug|x86.Build.0 = Debug|Any CPU
		{5A52F7DE-94E9-4418-AEDE-18ED4087118D}.Release|Any CPU.ActiveCfg = Release|Any CPU
		{5A52F7DE-94E9-4418-AEDE-18ED4087118D}.Release|Any CPU.Build.0 = Release|Any CPU
		{5A52F7DE-94E9-4418-AEDE-18ED4087118D}.Release|x86.ActiveCfg = Release|Any CPU
		{5A52F7DE-94E9-4418-AEDE-18ED4087118D}.Release|x86.Build.0 = Release|Any CPU
		{76746EFA-AD6A-4F55-892E-1E7A235E7888}.Debug|Any CPU.ActiveCfg = Debug|Any CPU
		{76746EFA-AD6A-4F55-892E-1E7A235E7888}.Debug|Any CPU.Build.0 = Debug|Any CPU
		{76746EFA-AD6A-4F55-892E-1E7A235E7888}.Debug|x86.ActiveCfg = Debug|Any CPU
		{76746EFA-AD6A-4F55-892E-1E7A235E7888}.Debug|x86.Build.0 = Debug|Any CPU
		{76746EFA-AD6A-4F55-892E-1E7A235E7888}.Release|Any CPU.ActiveCfg = Release|Any CPU
		{76746EFA-AD6A-4F55-892E-1E7A235E7888}.Release|Any CPU.Build.0 = Release|Any CPU
		{76746EFA-AD6A-4F55-892E-1E7A235E7888}.Release|x86.ActiveCfg = Release|Any CPU
		{76746EFA-AD6A-4F55-892E-1E7A235E7888}.Release|x86.Build.0 = Release|Any CPU
		{C848647C-7C30-444B-AED1-BF6DB5946AE1}.Debug|Any CPU.ActiveCfg = Debug|Any CPU
		{C848647C-7C30-444B-AED1-BF6DB5946AE1}.Debug|Any CPU.Build.0 = Debug|Any CPU
		{C848647C-7C30-444B-AED1-BF6DB5946AE1}.Debug|x86.ActiveCfg = Debug|Any CPU
		{C848647C-7C30-444B-AED1-BF6DB5946AE1}.Debug|x86.Build.0 = Debug|Any CPU
		{C848647C-7C30-444B-AED1-BF6DB5946AE1}.Release|Any CPU.ActiveCfg = Release|Any CPU
		{C848647C-7C30-444B-AED1-BF6DB5946AE1}.Release|Any CPU.Build.0 = Release|Any CPU
		{C848647C-7C30-444B-AED1-BF6DB5946AE1}.Release|x86.ActiveCfg = Release|Any CPU
		{C848647C-7C30-444B-AED1-BF6DB5946AE1}.Release|x86.Build.0 = Release|Any CPU
		{F488A665-543F-4992-B7BD-FB9E68E2230A}.Debug|Any CPU.ActiveCfg = Debug|Any CPU
		{F488A665-543F-4992-B7BD-FB9E68E2230A}.Debug|Any CPU.Build.0 = Debug|Any CPU
		{F488A665-543F-4992-B7BD-FB9E68E2230A}.Debug|x86.ActiveCfg = Debug|Any CPU
		{F488A665-543F-4992-B7BD-FB9E68E2230A}.Debug|x86.Build.0 = Debug|Any CPU
		{F488A665-543F-4992-B7BD-FB9E68E2230A}.Release|Any CPU.ActiveCfg = Release|Any CPU
		{F488A665-543F-4992-B7BD-FB9E68E2230A}.Release|Any CPU.Build.0 = Release|Any CPU
		{F488A665-543F-4992-B7BD-FB9E68E2230A}.Release|x86.ActiveCfg = Release|Any CPU
		{F488A665-543F-4992-B7BD-FB9E68E2230A}.Release|x86.Build.0 = Release|Any CPU
		{E5DEB9ED-C1A6-4A42-AB83-B2129AD5C8B4}.Debug|Any CPU.ActiveCfg = Debug|Any CPU
		{E5DEB9ED-C1A6-4A42-AB83-B2129AD5C8B4}.Debug|Any CPU.Build.0 = Debug|Any CPU
		{E5DEB9ED-C1A6-4A42-AB83-B2129AD5C8B4}.Debug|x86.ActiveCfg = Debug|Any CPU
		{E5DEB9ED-C1A6-4A42-AB83-B2129AD5C8B4}.Debug|x86.Build.0 = Debug|Any CPU
		{E5DEB9ED-C1A6-4A42-AB83-B2129AD5C8B4}.Release|Any CPU.ActiveCfg = Release|Any CPU
		{E5DEB9ED-C1A6-4A42-AB83-B2129AD5C8B4}.Release|Any CPU.Build.0 = Release|Any CPU
		{E5DEB9ED-C1A6-4A42-AB83-B2129AD5C8B4}.Release|x86.ActiveCfg = Release|Any CPU
		{E5DEB9ED-C1A6-4A42-AB83-B2129AD5C8B4}.Release|x86.Build.0 = Release|Any CPU
		{AFE70FCA-47E6-4DC0-9138-3826E565AE6A}.Debug|Any CPU.ActiveCfg = Debug|Any CPU
		{AFE70FCA-47E6-4DC0-9138-3826E565AE6A}.Debug|Any CPU.Build.0 = Debug|Any CPU
		{AFE70FCA-47E6-4DC0-9138-3826E565AE6A}.Debug|x86.ActiveCfg = Debug|Any CPU
		{AFE70FCA-47E6-4DC0-9138-3826E565AE6A}.Debug|x86.Build.0 = Debug|Any CPU
		{AFE70FCA-47E6-4DC0-9138-3826E565AE6A}.Release|Any CPU.ActiveCfg = Release|Any CPU
		{AFE70FCA-47E6-4DC0-9138-3826E565AE6A}.Release|Any CPU.Build.0 = Release|Any CPU
		{AFE70FCA-47E6-4DC0-9138-3826E565AE6A}.Release|x86.ActiveCfg = Release|Any CPU
		{AFE70FCA-47E6-4DC0-9138-3826E565AE6A}.Release|x86.Build.0 = Release|Any CPU
		{4D9C7794-F2DF-4C55-97A3-BB37425E999D}.Debug|Any CPU.ActiveCfg = Debug|x86
		{4D9C7794-F2DF-4C55-97A3-BB37425E999D}.Debug|x86.ActiveCfg = Debug|x86
		{4D9C7794-F2DF-4C55-97A3-BB37425E999D}.Debug|x86.Build.0 = Debug|x86
		{4D9C7794-F2DF-4C55-97A3-BB37425E999D}.Release|Any CPU.ActiveCfg = Release|x86
		{4D9C7794-F2DF-4C55-97A3-BB37425E999D}.Release|x86.ActiveCfg = Release|x86
		{4D9C7794-F2DF-4C55-97A3-BB37425E999D}.Release|x86.Build.0 = Release|x86
		{CEFE8944-692A-4BB7-B25C-16E708ABAFA6}.Debug|Any CPU.ActiveCfg = Debug|Any CPU
		{CEFE8944-692A-4BB7-B25C-16E708ABAFA6}.Debug|Any CPU.Build.0 = Debug|Any CPU
		{CEFE8944-692A-4BB7-B25C-16E708ABAFA6}.Debug|x86.ActiveCfg = Debug|Any CPU
		{CEFE8944-692A-4BB7-B25C-16E708ABAFA6}.Debug|x86.Build.0 = Debug|Any CPU
		{CEFE8944-692A-4BB7-B25C-16E708ABAFA6}.Release|Any CPU.ActiveCfg = Release|Any CPU
		{CEFE8944-692A-4BB7-B25C-16E708ABAFA6}.Release|Any CPU.Build.0 = Release|Any CPU
		{CEFE8944-692A-4BB7-B25C-16E708ABAFA6}.Release|x86.ActiveCfg = Release|Any CPU
		{CEFE8944-692A-4BB7-B25C-16E708ABAFA6}.Release|x86.Build.0 = Release|Any CPU
		{00DB7DAB-192C-4189-9723-898DBE61A276}.Debug|Any CPU.ActiveCfg = Debug|Any CPU
		{00DB7DAB-192C-4189-9723-898DBE61A276}.Debug|Any CPU.Build.0 = Debug|Any CPU
		{00DB7DAB-192C-4189-9723-898DBE61A276}.Debug|x86.ActiveCfg = Debug|Any CPU
		{00DB7DAB-192C-4189-9723-898DBE61A276}.Debug|x86.Build.0 = Debug|Any CPU
		{00DB7DAB-192C-4189-9723-898DBE61A276}.Release|Any CPU.ActiveCfg = Release|Any CPU
		{00DB7DAB-192C-4189-9723-898DBE61A276}.Release|Any CPU.Build.0 = Release|Any CPU
		{00DB7DAB-192C-4189-9723-898DBE61A276}.Release|x86.ActiveCfg = Release|Any CPU
		{00DB7DAB-192C-4189-9723-898DBE61A276}.Release|x86.Build.0 = Release|Any CPU
		{FDED1663-CDEA-44B1-8589-8338D6B68656}.Debug|Any CPU.ActiveCfg = Debug|Any CPU
		{FDED1663-CDEA-44B1-8589-8338D6B68656}.Debug|Any CPU.Build.0 = Debug|Any CPU
		{FDED1663-CDEA-44B1-8589-8338D6B68656}.Debug|x86.ActiveCfg = Debug|Any CPU
		{FDED1663-CDEA-44B1-8589-8338D6B68656}.Debug|x86.Build.0 = Debug|Any CPU
		{FDED1663-CDEA-44B1-8589-8338D6B68656}.Release|Any CPU.ActiveCfg = Release|Any CPU
		{FDED1663-CDEA-44B1-8589-8338D6B68656}.Release|Any CPU.Build.0 = Release|Any CPU
		{FDED1663-CDEA-44B1-8589-8338D6B68656}.Release|x86.ActiveCfg = Release|Any CPU
		{FDED1663-CDEA-44B1-8589-8338D6B68656}.Release|x86.Build.0 = Release|Any CPU
		{9913580D-1543-40D5-B463-14C95BF3120C}.Debug|Any CPU.ActiveCfg = Debug|Any CPU
		{9913580D-1543-40D5-B463-14C95BF3120C}.Debug|Any CPU.Build.0 = Debug|Any CPU
		{9913580D-1543-40D5-B463-14C95BF3120C}.Debug|x86.ActiveCfg = Debug|Any CPU
		{9913580D-1543-40D5-B463-14C95BF3120C}.Debug|x86.Build.0 = Debug|Any CPU
		{9913580D-1543-40D5-B463-14C95BF3120C}.Release|Any CPU.ActiveCfg = Release|Any CPU
		{9913580D-1543-40D5-B463-14C95BF3120C}.Release|Any CPU.Build.0 = Release|Any CPU
		{9913580D-1543-40D5-B463-14C95BF3120C}.Release|x86.ActiveCfg = Release|Any CPU
		{9913580D-1543-40D5-B463-14C95BF3120C}.Release|x86.Build.0 = Release|Any CPU
		{C1DDE212-68D9-4CD2-9B44-FDE1D44AFD26}.Debug|Any CPU.ActiveCfg = Debug|Any CPU
		{C1DDE212-68D9-4CD2-9B44-FDE1D44AFD26}.Debug|Any CPU.Build.0 = Debug|Any CPU
		{C1DDE212-68D9-4CD2-9B44-FDE1D44AFD26}.Debug|x86.ActiveCfg = Debug|Any CPU
		{C1DDE212-68D9-4CD2-9B44-FDE1D44AFD26}.Debug|x86.Build.0 = Debug|Any CPU
		{C1DDE212-68D9-4CD2-9B44-FDE1D44AFD26}.Release|Any CPU.ActiveCfg = Release|Any CPU
		{C1DDE212-68D9-4CD2-9B44-FDE1D44AFD26}.Release|Any CPU.Build.0 = Release|Any CPU
		{C1DDE212-68D9-4CD2-9B44-FDE1D44AFD26}.Release|x86.ActiveCfg = Release|Any CPU
		{C1DDE212-68D9-4CD2-9B44-FDE1D44AFD26}.Release|x86.Build.0 = Release|Any CPU
		{8F2D30F1-606A-46DD-A106-105D2893EBC3}.Debug|Any CPU.ActiveCfg = Debug|Any CPU
		{8F2D30F1-606A-46DD-A106-105D2893EBC3}.Debug|Any CPU.Build.0 = Debug|Any CPU
		{8F2D30F1-606A-46DD-A106-105D2893EBC3}.Debug|x86.ActiveCfg = Debug|Any CPU
		{8F2D30F1-606A-46DD-A106-105D2893EBC3}.Debug|x86.Build.0 = Debug|Any CPU
		{8F2D30F1-606A-46DD-A106-105D2893EBC3}.Release|Any CPU.ActiveCfg = Release|Any CPU
		{8F2D30F1-606A-46DD-A106-105D2893EBC3}.Release|Any CPU.Build.0 = Release|Any CPU
		{8F2D30F1-606A-46DD-A106-105D2893EBC3}.Release|x86.ActiveCfg = Release|Any CPU
		{8F2D30F1-606A-46DD-A106-105D2893EBC3}.Release|x86.Build.0 = Release|Any CPU
		{C21214B0-420D-44DF-8664-9522D8CB0F34}.Debug|Any CPU.ActiveCfg = Debug|Any CPU
		{C21214B0-420D-44DF-8664-9522D8CB0F34}.Debug|Any CPU.Build.0 = Debug|Any CPU
		{C21214B0-420D-44DF-8664-9522D8CB0F34}.Debug|x86.ActiveCfg = Debug|Any CPU
		{C21214B0-420D-44DF-8664-9522D8CB0F34}.Debug|x86.Build.0 = Debug|Any CPU
		{C21214B0-420D-44DF-8664-9522D8CB0F34}.Release|Any CPU.ActiveCfg = Release|Any CPU
		{C21214B0-420D-44DF-8664-9522D8CB0F34}.Release|Any CPU.Build.0 = Release|Any CPU
		{C21214B0-420D-44DF-8664-9522D8CB0F34}.Release|x86.ActiveCfg = Release|Any CPU
		{C21214B0-420D-44DF-8664-9522D8CB0F34}.Release|x86.Build.0 = Release|Any CPU
		{B0996A45-01BA-4746-ABDE-6C221B590112}.Debug|Any CPU.ActiveCfg = Debug|Any CPU
		{B0996A45-01BA-4746-ABDE-6C221B590112}.Debug|Any CPU.Build.0 = Debug|Any CPU
		{B0996A45-01BA-4746-ABDE-6C221B590112}.Debug|x86.ActiveCfg = Debug|Any CPU
		{B0996A45-01BA-4746-ABDE-6C221B590112}.Debug|x86.Build.0 = Debug|Any CPU
		{B0996A45-01BA-4746-ABDE-6C221B590112}.Release|Any CPU.ActiveCfg = Release|Any CPU
		{B0996A45-01BA-4746-ABDE-6C221B590112}.Release|Any CPU.Build.0 = Release|Any CPU
		{B0996A45-01BA-4746-ABDE-6C221B590112}.Release|x86.ActiveCfg = Release|Any CPU
		{B0996A45-01BA-4746-ABDE-6C221B590112}.Release|x86.Build.0 = Release|Any CPU
		{F2A86E43-747A-47E0-B123-BC9AAC77089D}.Debug|Any CPU.ActiveCfg = Debug|Any CPU
		{F2A86E43-747A-47E0-B123-BC9AAC77089D}.Debug|Any CPU.Build.0 = Debug|Any CPU
		{F2A86E43-747A-47E0-B123-BC9AAC77089D}.Debug|x86.ActiveCfg = Debug|Any CPU
		{F2A86E43-747A-47E0-B123-BC9AAC77089D}.Debug|x86.Build.0 = Debug|Any CPU
		{F2A86E43-747A-47E0-B123-BC9AAC77089D}.Release|Any CPU.ActiveCfg = Release|Any CPU
		{F2A86E43-747A-47E0-B123-BC9AAC77089D}.Release|Any CPU.Build.0 = Release|Any CPU
		{F2A86E43-747A-47E0-B123-BC9AAC77089D}.Release|x86.ActiveCfg = Release|Any CPU
		{F2A86E43-747A-47E0-B123-BC9AAC77089D}.Release|x86.Build.0 = Release|Any CPU
		{D0F4C21E-7FF0-4DD0-9E9E-75917A7B4CDC}.Debug|Any CPU.ActiveCfg = Debug|Any CPU
		{D0F4C21E-7FF0-4DD0-9E9E-75917A7B4CDC}.Debug|Any CPU.Build.0 = Debug|Any CPU
		{D0F4C21E-7FF0-4DD0-9E9E-75917A7B4CDC}.Debug|x86.ActiveCfg = Debug|Any CPU
		{D0F4C21E-7FF0-4DD0-9E9E-75917A7B4CDC}.Debug|x86.Build.0 = Debug|Any CPU
		{D0F4C21E-7FF0-4DD0-9E9E-75917A7B4CDC}.Release|Any CPU.ActiveCfg = Release|Any CPU
		{D0F4C21E-7FF0-4DD0-9E9E-75917A7B4CDC}.Release|Any CPU.Build.0 = Release|Any CPU
		{D0F4C21E-7FF0-4DD0-9E9E-75917A7B4CDC}.Release|x86.ActiveCfg = Release|Any CPU
		{D0F4C21E-7FF0-4DD0-9E9E-75917A7B4CDC}.Release|x86.Build.0 = Release|Any CPU
		{600E3D5B-9EC7-4099-AE0A-3B08FA5F60B5}.Debug|Any CPU.ActiveCfg = Debug|Any CPU
		{600E3D5B-9EC7-4099-AE0A-3B08FA5F60B5}.Debug|Any CPU.Build.0 = Debug|Any CPU
		{600E3D5B-9EC7-4099-AE0A-3B08FA5F60B5}.Debug|x86.ActiveCfg = Debug|Any CPU
		{600E3D5B-9EC7-4099-AE0A-3B08FA5F60B5}.Debug|x86.Build.0 = Debug|Any CPU
		{600E3D5B-9EC7-4099-AE0A-3B08FA5F60B5}.Release|Any CPU.ActiveCfg = Release|Any CPU
		{600E3D5B-9EC7-4099-AE0A-3B08FA5F60B5}.Release|Any CPU.Build.0 = Release|Any CPU
		{600E3D5B-9EC7-4099-AE0A-3B08FA5F60B5}.Release|x86.ActiveCfg = Release|Any CPU
		{600E3D5B-9EC7-4099-AE0A-3B08FA5F60B5}.Release|x86.Build.0 = Release|Any CPU
		{12E6BF9A-5B4B-4034-8CAF-98EA55F52EAA}.Debug|Any CPU.ActiveCfg = Debug|Any CPU
		{12E6BF9A-5B4B-4034-8CAF-98EA55F52EAA}.Debug|Any CPU.Build.0 = Debug|Any CPU
		{12E6BF9A-5B4B-4034-8CAF-98EA55F52EAA}.Debug|x86.ActiveCfg = Debug|Any CPU
		{12E6BF9A-5B4B-4034-8CAF-98EA55F52EAA}.Debug|x86.Build.0 = Debug|Any CPU
		{12E6BF9A-5B4B-4034-8CAF-98EA55F52EAA}.Release|Any CPU.ActiveCfg = Release|Any CPU
		{12E6BF9A-5B4B-4034-8CAF-98EA55F52EAA}.Release|Any CPU.Build.0 = Release|Any CPU
		{12E6BF9A-5B4B-4034-8CAF-98EA55F52EAA}.Release|x86.ActiveCfg = Release|Any CPU
		{12E6BF9A-5B4B-4034-8CAF-98EA55F52EAA}.Release|x86.Build.0 = Release|Any CPU
	EndGlobalSection
	GlobalSection(SolutionProperties) = preSolution
		HideSolutionNode = FALSE
	EndGlobalSection
	GlobalSection(NestedProjects) = preSolution
		{AFE70FCA-47E6-4DC0-9138-3826E565AE6A} = {ECCD187A-597B-415B-8977-20F350335B48}
		{4D9C7794-F2DF-4C55-97A3-BB37425E999D} = {ECCD187A-597B-415B-8977-20F350335B48}
		{00DB7DAB-192C-4189-9723-898DBE61A276} = {B8120F05-CC9A-415E-B59C-5968768A731D}
		{FDED1663-CDEA-44B1-8589-8338D6B68656} = {B8120F05-CC9A-415E-B59C-5968768A731D}
		{9913580D-1543-40D5-B463-14C95BF3120C} = {B8120F05-CC9A-415E-B59C-5968768A731D}
		{C1DDE212-68D9-4CD2-9B44-FDE1D44AFD26} = {B8120F05-CC9A-415E-B59C-5968768A731D}
		{8F2D30F1-606A-46DD-A106-105D2893EBC3} = {B8120F05-CC9A-415E-B59C-5968768A731D}
		{0FD52E54-C0F9-464C-8B52-584E3B0AF303} = {B8120F05-CC9A-415E-B59C-5968768A731D}
		{C21214B0-420D-44DF-8664-9522D8CB0F34} = {B8120F05-CC9A-415E-B59C-5968768A731D}
		{B0996A45-01BA-4746-ABDE-6C221B590112} = {B8120F05-CC9A-415E-B59C-5968768A731D}
		{F2A86E43-747A-47E0-B123-BC9AAC77089D} = {B8120F05-CC9A-415E-B59C-5968768A731D}
		{600E3D5B-9EC7-4099-AE0A-3B08FA5F60B5} = {B8120F05-CC9A-415E-B59C-5968768A731D}
		{12E6BF9A-5B4B-4034-8CAF-98EA55F52EAA} = {B8120F05-CC9A-415E-B59C-5968768A731D}
	EndGlobalSection
EndGlobal
