
Microsoft Visual Studio Solution File, Format Version 12.00
# Visual Studio 14
VisualStudioVersion = 14.0.25123.0
MinimumVisualStudioVersion = 10.0.40219.1
Project("{FAE04EC0-301F-11D3-BF4B-00C04F79EFBC}") = "Garden", "Garden\Garden.csproj", "{8CE06D3E-37C8-4DA9-ADBA-6AA3F8F63836}"
EndProject
Project("{FAE04EC0-301F-11D3-BF4B-00C04F79EFBC}") = "GardenTests", "GardenTests\GardenTests.csproj", "{59F6B387-0903-4970-BD03-320C51B7E76F}"
EndProject
Project("{FAE04EC0-301F-11D3-BF4B-00C04F79EFBC}") = "Garden.Converter", "Garden.Converter\Garden.Converter.csproj", "{CE842EBF-0B66-46B6-991B-33E494A7D82E}"
EndProject
Project("{FAE04EC0-301F-11D3-BF4B-00C04F79EFBC}") = "Garden.ConverterTests", "Garden.ConverterTests\Garden.ConverterTests.csproj", "{A68305CA-0D88-4BF8-ADB7-F820B9E86C8C}"
EndProject
Project("{FAE04EC0-301F-11D3-BF4B-00C04F79EFBC}") = "SharedDocument", "..\AdvancedDocument\SharedDocument.csproj", "{D0F4C21E-7FF0-4DD0-9E9E-75917A7B4CDC}"
EndProject
Global
	GlobalSection(SolutionConfigurationPlatforms) = preSolution
		Debug|Any CPU = Debug|Any CPU
		Release|Any CPU = Release|Any CPU
	EndGlobalSection
	GlobalSection(ProjectConfigurationPlatforms) = postSolution
		{8CE06D3E-37C8-4DA9-ADBA-6AA3F8F63836}.Debug|Any CPU.ActiveCfg = Debug|Any CPU
		{8CE06D3E-37C8-4DA9-ADBA-6AA3F8F63836}.Debug|Any CPU.Build.0 = Debug|Any CPU
		{8CE06D3E-37C8-4DA9-ADBA-6AA3F8F63836}.Release|Any CPU.ActiveCfg = Release|Any CPU
		{8CE06D3E-37C8-4DA9-ADBA-6AA3F8F63836}.Release|Any CPU.Build.0 = Release|Any CPU
		{59F6B387-0903-4970-BD03-320C51B7E76F}.Debug|Any CPU.ActiveCfg = Debug|Any CPU
		{59F6B387-0903-4970-BD03-320C51B7E76F}.Debug|Any CPU.Build.0 = Debug|Any CPU
		{59F6B387-0903-4970-BD03-320C51B7E76F}.Release|Any CPU.ActiveCfg = Release|Any CPU
		{59F6B387-0903-4970-BD03-320C51B7E76F}.Release|Any CPU.Build.0 = Release|Any CPU
		{CE842EBF-0B66-46B6-991B-33E494A7D82E}.Debug|Any CPU.ActiveCfg = Debug|Any CPU
		{CE842EBF-0B66-46B6-991B-33E494A7D82E}.Debug|Any CPU.Build.0 = Debug|Any CPU
		{CE842EBF-0B66-46B6-991B-33E494A7D82E}.Release|Any CPU.ActiveCfg = Release|Any CPU
		{CE842EBF-0B66-46B6-991B-33E494A7D82E}.Release|Any CPU.Build.0 = Release|Any CPU
		{A68305CA-0D88-4BF8-ADB7-F820B9E86C8C}.Debug|Any CPU.ActiveCfg = Debug|Any CPU
		{A68305CA-0D88-4BF8-ADB7-F820B9E86C8C}.Debug|Any CPU.Build.0 = Debug|Any CPU
		{A68305CA-0D88-4BF8-ADB7-F820B9E86C8C}.Release|Any CPU.ActiveCfg = Release|Any CPU
		{A68305CA-0D88-4BF8-ADB7-F820B9E86C8C}.Release|Any CPU.Build.0 = Release|Any CPU
		{D0F4C21E-7FF0-4DD0-9E9E-75917A7B4CDC}.Debug|Any CPU.ActiveCfg = Debug|Any CPU
		{D0F4C21E-7FF0-4DD0-9E9E-75917A7B4CDC}.Debug|Any CPU.Build.0 = Debug|Any CPU
		{D0F4C21E-7FF0-4DD0-9E9E-75917A7B4CDC}.Release|Any CPU.ActiveCfg = Release|Any CPU
		{D0F4C21E-7FF0-4DD0-9E9E-75917A7B4CDC}.Release|Any CPU.Build.0 = Release|Any CPU
	EndGlobalSection
	GlobalSection(SolutionProperties) = preSolution
		HideSolutionNode = FALSE
	EndGlobalSection
EndGlobal
