
Microsoft Visual Studio Solution File, Format Version 12.00
# Visual Studio 14
VisualStudioVersion = 14.0.24720.0
MinimumVisualStudioVersion = 10.0.40219.1
Project("{2150E333-8FDC-42A3-9474-1A3956D46DE8}") = "Document", "Document", "{86326AAF-E993-4B78-B5DB-6A4D8461A9D1}"
	ProjectSection(SolutionItems) = preProject
		Document\.NET线程同步.md = Document\.NET线程同步.md
		Document\Git常用命令.md = Document\Git常用命令.md
		Document\Http.md = Document\Http.md
		Document\Markdown使用语法.md = Document\Markdown使用语法.md
		Document\Socket与Tcp.md = Document\Socket与Tcp.md
		Document\Websocket.md = Document\Websocket.md
		Document\学习计划.md = Document\学习计划.md
	EndProjectSection
EndProject
Project("{FAE04EC0-301F-11D3-BF4B-00C04F79EFBC}") = "MultiThreading", "MultiThreading\MultiThreading.csproj", "{81705DA4-242A-456D-A5C2-28729C1CC08A}"
EndProject
Project("{FAE04EC0-301F-11D3-BF4B-00C04F79EFBC}") = "TcpServer", "TcpServer\TcpServer.csproj", "{356AB809-2ACA-4618-842A-EDE34066150C}"
EndProject
Project("{FAE04EC0-301F-11D3-BF4B-00C04F79EFBC}") = "TcpClient", "TcpClient\TcpClient.csproj", "{60C2FC5F-D701-42C7-93D8-F3B712F74EB0}"
EndProject
Project("{FAE04EC0-301F-11D3-BF4B-00C04F79EFBC}") = "EventWaitHandleDemo", "EventWaitHandleDemo\EventWaitHandleDemo.csproj", "{1051DAB0-7BAB-4A26-91B2-10510C98E3A9}"
EndProject
Global
	GlobalSection(SolutionConfigurationPlatforms) = preSolution
		Debug|Any CPU = Debug|Any CPU
		Release|Any CPU = Release|Any CPU
	EndGlobalSection
	GlobalSection(ProjectConfigurationPlatforms) = postSolution
		{81705DA4-242A-456D-A5C2-28729C1CC08A}.Debug|Any CPU.ActiveCfg = Debug|Any CPU
		{81705DA4-242A-456D-A5C2-28729C1CC08A}.Debug|Any CPU.Build.0 = Debug|Any CPU
		{81705DA4-242A-456D-A5C2-28729C1CC08A}.Release|Any CPU.ActiveCfg = Release|Any CPU
		{81705DA4-242A-456D-A5C2-28729C1CC08A}.Release|Any CPU.Build.0 = Release|Any CPU
		{356AB809-2ACA-4618-842A-EDE34066150C}.Debug|Any CPU.ActiveCfg = Debug|Any CPU
		{356AB809-2ACA-4618-842A-EDE34066150C}.Debug|Any CPU.Build.0 = Debug|Any CPU
		{356AB809-2ACA-4618-842A-EDE34066150C}.Release|Any CPU.ActiveCfg = Release|Any CPU
		{356AB809-2ACA-4618-842A-EDE34066150C}.Release|Any CPU.Build.0 = Release|Any CPU
		{60C2FC5F-D701-42C7-93D8-F3B712F74EB0}.Debug|Any CPU.ActiveCfg = Debug|Any CPU
		{60C2FC5F-D701-42C7-93D8-F3B712F74EB0}.Debug|Any CPU.Build.0 = Debug|Any CPU
		{60C2FC5F-D701-42C7-93D8-F3B712F74EB0}.Release|Any CPU.ActiveCfg = Release|Any CPU
		{60C2FC5F-D701-42C7-93D8-F3B712F74EB0}.Release|Any CPU.Build.0 = Release|Any CPU
		{1051DAB0-7BAB-4A26-91B2-10510C98E3A9}.Debug|Any CPU.ActiveCfg = Debug|Any CPU
		{1051DAB0-7BAB-4A26-91B2-10510C98E3A9}.Debug|Any CPU.Build.0 = Debug|Any CPU
		{1051DAB0-7BAB-4A26-91B2-10510C98E3A9}.Release|Any CPU.ActiveCfg = Release|Any CPU
		{1051DAB0-7BAB-4A26-91B2-10510C98E3A9}.Release|Any CPU.Build.0 = Release|Any CPU
	EndGlobalSection
	GlobalSection(SolutionProperties) = preSolution
		HideSolutionNode = FALSE
	EndGlobalSection
EndGlobal
