Microsoft Visual Studio Solution File, Format Version 12.00
# Visual Studio 14
VisualStudioVersion = 14.0.25123.0
MinimumVisualStudioVersion = 10.0.40219.1
Project("{FAE04EC0-301F-11D3-BF4B-00C04F79EFBC}") = "QuickGraph", "QuickGraph.csproj", "{5F42D0C5-A525-4891-9A5D-3D8BE4A21626}"
EndProject
Project("{FAE04EC0-301F-11D3-BF4B-00C04F79EFBC}") = "QuickGraphTest", "..\QuickGraphTest\QuickGraphTest.csproj", "{FD4D1ABC-3E00-44A9-A391-5346F3068576}"
EndProject
Global
	GlobalSection(SolutionConfigurationPlatforms) = preSolution
		Debug|Default = Debug|Default
		Release|Default = Release|Default
	EndGlobalSection
	GlobalSection(ProjectConfigurationPlatforms) = postSolution
		{5F42D0C5-A525-4891-9A5D-3D8BE4A21626}.Debug|Default.ActiveCfg = Debug|Any CPU
		{5F42D0C5-A525-4891-9A5D-3D8BE4A21626}.Debug|Default.Build.0 = Debug|Any CPU
		{5F42D0C5-A525-4891-9A5D-3D8BE4A21626}.Release|Default.ActiveCfg = Release|Any CPU
		{5F42D0C5-A525-4891-9A5D-3D8BE4A21626}.Release|Default.Build.0 = Release|Any CPU
		{FD4D1ABC-3E00-44A9-A391-5346F3068576}.Debug|Default.ActiveCfg = Debug|Any CPU
		{FD4D1ABC-3E00-44A9-A391-5346F3068576}.Debug|Default.Build.0 = Debug|Any CPU
		{FD4D1ABC-3E00-44A9-A391-5346F3068576}.Release|Default.ActiveCfg = Release|Any CPU
		{FD4D1ABC-3E00-44A9-A391-5346F3068576}.Release|Default.Build.0 = Release|Any CPU
	EndGlobalSection
	GlobalSection(SolutionProperties) = preSolution
		HideSolutionNode = FALSE
	EndGlobalSection
EndGlobal
